
Microsoft Visual Studio Solution File, Format Version 12.00
# Visual Studio Version 16
VisualStudioVersion = 25.0.1704.1
MinimumVisualStudioVersion = 10.0.40219.1
Project("{FAE04EC0-301F-11D3-BF4B-00C04F79EFBC}") = "day1", "day1\day1.csproj", "{86D26433-561F-4188-A3BC-9112495F78F7}"
EndProject
Project("{FAE04EC0-301F-11D3-BF4B-00C04F79EFBC}") = "day2", "day2\day2.csproj", "{916180F1-B6C0-4731-B7ED-6F248E3A1162}"
EndProject
Global
	GlobalSection(SolutionConfigurationPlatforms) = preSolution
		Debug|Any CPU = Debug|Any CPU
		Release|Any CPU = Release|Any CPU
	EndGlobalSection
	GlobalSection(ProjectConfigurationPlatforms) = postSolution
		{86D26433-561F-4188-A3BC-9112495F78F7}.Debug|Any CPU.ActiveCfg = Debug|Any CPU
		{86D26433-561F-4188-A3BC-9112495F78F7}.Debug|Any CPU.Build.0 = Debug|Any CPU
		{86D26433-561F-4188-A3BC-9112495F78F7}.Release|Any CPU.ActiveCfg = Release|Any CPU
		{86D26433-561F-4188-A3BC-9112495F78F7}.Release|Any CPU.Build.0 = Release|Any CPU
		{916180F1-B6C0-4731-B7ED-6F248E3A1162}.Debug|Any CPU.ActiveCfg = Debug|Any CPU
		{916180F1-B6C0-4731-B7ED-6F248E3A1162}.Debug|Any CPU.Build.0 = Debug|Any CPU
		{916180F1-B6C0-4731-B7ED-6F248E3A1162}.Release|Any CPU.ActiveCfg = Release|Any CPU
		{916180F1-B6C0-4731-B7ED-6F248E3A1162}.Release|Any CPU.Build.0 = Release|Any CPU
	EndGlobalSection
	GlobalSection(SolutionProperties) = preSolution
		HideSolutionNode = FALSE
	EndGlobalSection
	GlobalSection(ExtensibilityGlobals) = postSolution
		SolutionGuid = {9881C9EF-AB58-430A-9CC4-A07D756BE789}
	EndGlobalSection
EndGlobal
